// !$*UTF8*$!
{
	archiveVersion = 1;
	classes = {
	};
	objectVersion = 50;
	objects = {

/* Begin PBXBuildFile section */
		C270D1EE25316F9400C9CF61 /* AppDelegate.m in Sources */ = {isa = PBXBuildFile; fileRef = C270D1ED25316F9400C9CF61 /* AppDelegate.m */; };
		C270D1F125316F9400C9CF61 /* SceneDelegate.m in Sources */ = {isa = PBXBuildFile; fileRef = C270D1F025316F9400C9CF61 /* SceneDelegate.m */; };
		C270D1F425316F9400C9CF61 /* ViewController.m in Sources */ = {isa = PBXBuildFile; fileRef = C270D1F325316F9400C9CF61 /* ViewController.m */; };
		C270D1F725316F9400C9CF61 /* Main.storyboard in Resources */ = {isa = PBXBuildFile; fileRef = C270D1F525316F9400C9CF61 /* Main.storyboard */; };
		C270D1F925316F9700C9CF61 /* Assets.xcassets in Resources */ = {isa = PBXBuildFile; fileRef = C270D1F825316F9700C9CF61 /* Assets.xcassets */; };
		C270D1FC25316F9700C9CF61 /* LaunchScreen.storyboard in Resources */ = {isa = PBXBuildFile; fileRef = C270D1FA25316F9700C9CF61 /* LaunchScreen.storyboard */; };
		C270D1FF25316F9700C9CF61 /* main.m in Sources */ = {isa = PBXBuildFile; fileRef = C270D1FE25316F9700C9CF61 /* main.m */; };
		C270D2092531746A00C9CF61 /* FeedViewController.m in Sources */ = {isa = PBXBuildFile; fileRef = C270D2082531746A00C9CF61 /* FeedViewController.m */; };
		C270D20D253175C400C9CF61 /* FeedTableViewCell.m in Sources */ = {isa = PBXBuildFile; fileRef = C270D20C253175C400C9CF61 /* FeedTableViewCell.m */; };
		C270D21125317CAF00C9CF61 /* websiteTableViewController.m in Sources */ = {isa = PBXBuildFile; fileRef = C270D21025317CAF00C9CF61 /* websiteTableViewController.m */; };
/* End PBXBuildFile section */

/* Begin PBXFileReference section */
		C270D1E925316F9400C9CF61 /* Nogrammers.app */ = {isa = PBXFileReference; explicitFileType = wrapper.application; includeInIndex = 0; path = Nogrammers.app; sourceTree = BUILT_PRODUCTS_DIR; };
		C270D1EC25316F9400C9CF61 /* AppDelegate.h */ = {isa = PBXFileReference; lastKnownFileType = sourcecode.c.h; path = AppDelegate.h; sourceTree = "<group>"; };
		C270D1ED25316F9400C9CF61 /* AppDelegate.m */ = {isa = PBXFileReference; lastKnownFileType = sourcecode.c.objc; path = AppDelegate.m; sourceTree = "<group>"; };
		C270D1EF25316F9400C9CF61 /* SceneDelegate.h */ = {isa = PBXFileReference; lastKnownFileType = sourcecode.c.h; path = SceneDelegate.h; sourceTree = "<group>"; };
		C270D1F025316F9400C9CF61 /* SceneDelegate.m */ = {isa = PBXFileReference; lastKnownFileType = sourcecode.c.objc; path = SceneDelegate.m; sourceTree = "<group>"; };
		C270D1F225316F9400C9CF61 /* ViewController.h */ = {isa = PBXFileReference; lastKnownFileType = sourcecode.c.h; path = ViewController.h; sourceTree = "<group>"; };
		C270D1F325316F9400C9CF61 /* ViewController.m */ = {isa = PBXFileReference; lastKnownFileType = sourcecode.c.objc; path = ViewController.m; sourceTree = "<group>"; };
		C270D1F625316F9400C9CF61 /* Base */ = {isa = PBXFileReference; lastKnownFileType = file.storyboard; name = Base; path = Base.lproj/Main.storyboard; sourceTree = "<group>"; };
		C270D1F825316F9700C9CF61 /* Assets.xcassets */ = {isa = PBXFileReference; lastKnownFileType = folder.assetcatalog; path = Assets.xcassets; sourceTree = "<group>"; };
		C270D1FB25316F9700C9CF61 /* Base */ = {isa = PBXFileReference; lastKnownFileType = file.storyboard; name = Base; path = Base.lproj/LaunchScreen.storyboard; sourceTree = "<group>"; };
		C270D1FD25316F9700C9CF61 /* Info.plist */ = {isa = PBXFileReference; lastKnownFileType = text.plist.xml; path = Info.plist; sourceTree = "<group>"; };
		C270D1FE25316F9700C9CF61 /* main.m */ = {isa = PBXFileReference; lastKnownFileType = sourcecode.c.objc; path = main.m; sourceTree = "<group>"; };
		C270D2072531746A00C9CF61 /* FeedViewController.h */ = {isa = PBXFileReference; lastKnownFileType = sourcecode.c.h; path = FeedViewController.h; sourceTree = "<group>"; };
		C270D2082531746A00C9CF61 /* FeedViewController.m */ = {isa = PBXFileReference; lastKnownFileType = sourcecode.c.objc; path = FeedViewController.m; sourceTree = "<group>"; };
		C270D20B253175C400C9CF61 /* FeedTableViewCell.h */ = {isa = PBXFileReference; lastKnownFileType = sourcecode.c.h; path = FeedTableViewCell.h; sourceTree = "<group>"; };
		C270D20C253175C400C9CF61 /* FeedTableViewCell.m */ = {isa = PBXFileReference; lastKnownFileType = sourcecode.c.objc; path = FeedTableViewCell.m; sourceTree = "<group>"; };
		C270D20F25317CAF00C9CF61 /* websiteTableViewController.h */ = {isa = PBXFileReference; lastKnownFileType = sourcecode.c.h; path = websiteTableViewController.h; sourceTree = "<group>"; };
		C270D21025317CAF00C9CF61 /* websiteTableViewController.m */ = {isa = PBXFileReference; lastKnownFileType = sourcecode.c.objc; path = websiteTableViewController.m; sourceTree = "<group>"; };
/* End PBXFileReference section */

/* Begin PBXFrameworksBuildPhase section */
		C270D1E625316F9400C9CF61 /* Frameworks */ = {
			isa = PBXFrameworksBuildPhase;
			buildActionMask = 2147483647;
			files = (
			);
			runOnlyForDeploymentPostprocessing = 0;
		};
/* End PBXFrameworksBuildPhase section */

/* Begin PBXGroup section */
		C270D1E025316F9400C9CF61 = {
			isa = PBXGroup;
			children = (
				C270D1EB25316F9400C9CF61 /* Nogrammers */,
				C270D1EA25316F9400C9CF61 /* Products */,
			);
			sourceTree = "<group>";
		};
		C270D1EA25316F9400C9CF61 /* Products */ = {
			isa = PBXGroup;
			children = (
				C270D1E925316F9400C9CF61 /* Nogrammers.app */,
			);
			name = Products;
			sourceTree = "<group>";
		};
		C270D1EB25316F9400C9CF61 /* Nogrammers */ = {
			isa = PBXGroup;
			children = (
				C270D1EC25316F9400C9CF61 /* AppDelegate.h */,
				C270D1ED25316F9400C9CF61 /* AppDelegate.m */,
				C270D1EF25316F9400C9CF61 /* SceneDelegate.h */,
				C270D1F025316F9400C9CF61 /* SceneDelegate.m */,
				C270D1F225316F9400C9CF61 /* ViewController.h */,
				C270D1F325316F9400C9CF61 /* ViewController.m */,
				C270D1F525316F9400C9CF61 /* Main.storyboard */,
				C270D1F825316F9700C9CF61 /* Assets.xcassets */,
				C270D1FA25316F9700C9CF61 /* LaunchScreen.storyboard */,
				C270D1FD25316F9700C9CF61 /* Info.plist */,
				C270D1FE25316F9700C9CF61 /* main.m */,
				C270D2072531746A00C9CF61 /* FeedViewController.h */,
				C270D2082531746A00C9CF61 /* FeedViewController.m */,
				C270D20B253175C400C9CF61 /* FeedTableViewCell.h */,
				C270D20C253175C400C9CF61 /* FeedTableViewCell.m */,
				C270D20F25317CAF00C9CF61 /* websiteTableViewController.h */,
				C270D21025317CAF00C9CF61 /* websiteTableViewController.m */,
			);
			path = Nogrammers;
			sourceTree = "<group>";
		};
/* End PBXGroup section */

/* Begin PBXNativeTarget section */
		C270D1E825316F9400C9CF61 /* Nogrammers */ = {
			isa = PBXNativeTarget;
			buildConfigurationList = C270D20225316F9700C9CF61 /* Build configuration list for PBXNativeTarget "Nogrammers" */;
			buildPhases = (
				C270D1E525316F9400C9CF61 /* Sources */,
				C270D1E625316F9400C9CF61 /* Frameworks */,
				C270D1E725316F9400C9CF61 /* Resources */,
			);
			buildRules = (
			);
			dependencies = (
			);
			name = Nogrammers;
			productName = Nogrammers;
			productReference = C270D1E925316F9400C9CF61 /* Nogrammers.app */;
			productType = "com.apple.product-type.application";
		};
/* End PBXNativeTarget section */

/* Begin PBXProject section */
		C270D1E125316F9400C9CF61 /* Project object */ = {
			isa = PBXProject;
			attributes = {
				LastUpgradeCheck = 1200;
				TargetAttributes = {
					C270D1E825316F9400C9CF61 = {
						CreatedOnToolsVersion = 12.0.1;
					};
				};
			};
			buildConfigurationList = C270D1E425316F9400C9CF61 /* Build configuration list for PBXProject "Nogrammers" */;
			compatibilityVersion = "Xcode 9.3";
			developmentRegion = en;
			hasScannedForEncodings = 0;
			knownRegions = (
				en,
				Base,
			);
			mainGroup = C270D1E025316F9400C9CF61;
			productRefGroup = C270D1EA25316F9400C9CF61 /* Products */;
			projectDirPath = "";
			projectRoot = "";
			targets = (
				C270D1E825316F9400C9CF61 /* Nogrammers */,
			);
		};
/* End PBXProject section */

/* Begin PBXResourcesBuildPhase section */
		C270D1E725316F9400C9CF61 /* Resources */ = {
			isa = PBXResourcesBuildPhase;
			buildActionMask = 2147483647;
			files = (
				C270D1FC25316F9700C9CF61 /* LaunchScreen.storyboard in Resources */,
				C270D1F925316F9700C9CF61 /* Assets.xcassets in Resources */,
				C270D1F725316F9400C9CF61 /* Main.storyboard in Resources */,
			);
			runOnlyForDeploymentPostprocessing = 0;
		};
/* End PBXResourcesBuildPhase section */

/* Begin PBXSourcesBuildPhase section */
		C270D1E525316F9400C9CF61 /* Sources */ = {
			isa = PBXSourcesBuildPhase;
			buildActionMask = 2147483647;
			files = (
				C270D1F425316F9400C9CF61 /* ViewController.m in Sources */,
				C270D20D253175C400C9CF61 /* FeedTableViewCell.m in Sources */,
				C270D2092531746A00C9CF61 /* FeedViewController.m in Sources */,
				C270D1EE25316F9400C9CF61 /* AppDelegate.m in Sources */,
				C270D1FF25316F9700C9CF61 /* main.m in Sources */,
				C270D21125317CAF00C9CF61 /* websiteTableViewController.m in Sources */,
				C270D1F125316F9400C9CF61 /* SceneDelegate.m in Sources */,
			);
			runOnlyForDeploymentPostprocessing = 0;
		};
/* End PBXSourcesBuildPhase section */

/* Begin PBXVariantGroup section */
		C270D1F525316F9400C9CF61 /* Main.storyboard */ = {
			isa = PBXVariantGroup;
			children = (
				C270D1F625316F9400C9CF61 /* Base */,
			);
			name = Main.storyboard;
			sourceTree = "<group>";
		};
		C270D1FA25316F9700C9CF61 /* LaunchScreen.storyboard */ = {
			isa = PBXVariantGroup;
			children = (
				C270D1FB25316F9700C9CF61 /* Base */,
			);
			name = LaunchScreen.storyboard;
			sourceTree = "<group>";
		};
/* End PBXVariantGroup section */

/* Begin XCBuildConfiguration section */
		C270D20025316F9700C9CF61 /* Debug */ = {
			isa = XCBuildConfiguration;
			buildSettings = {
				ALWAYS_SEARCH_USER_PATHS = NO;
				CLANG_ANALYZER_NONNULL = YES;
				CLANG_ANALYZER_NUMBER_OBJECT_CONVERSION = YES_AGGRESSIVE;
				CLANG_CXX_LANGUAGE_STANDARD = "gnu++14";
				CLANG_CXX_LIBRARY = "libc++";
				CLANG_ENABLE_MODULES = YES;
				CLANG_ENABLE_OBJC_ARC = YES;
				CLANG_ENABLE_OBJC_WEAK = YES;
				CLANG_WARN_BLOCK_CAPTURE_AUTORELEASING = YES;
				CLANG_WARN_BOOL_CONVERSION = YES;
				CLANG_WARN_COMMA = YES;
				CLANG_WARN_CONSTANT_CONVERSION = YES;
				CLANG_WARN_DEPRECATED_OBJC_IMPLEMENTATIONS = YES;
				CLANG_WARN_DIRECT_OBJC_ISA_USAGE = YES_ERROR;
				CLANG_WARN_DOCUMENTATION_COMMENTS = YES;
				CLANG_WARN_EMPTY_BODY = YES;
				CLANG_WARN_ENUM_CONVERSION = YES;
				CLANG_WARN_INFINITE_RECURSION = YES;
				CLANG_WARN_INT_CONVERSION = YES;
				CLANG_WARN_NON_LITERAL_NULL_CONVERSION = YES;
				CLANG_WARN_OBJC_IMPLICIT_RETAIN_SELF = YES;
				CLANG_WARN_OBJC_LITERAL_CONVERSION = YES;
				CLANG_WARN_OBJC_ROOT_CLASS = YES_ERROR;
				CLANG_WARN_QUOTED_INCLUDE_IN_FRAMEWORK_HEADER = YES;
				CLANG_WARN_RANGE_LOOP_ANALYSIS = YES;
				CLANG_WARN_STRICT_PROTOTYPES = YES;
				CLANG_WARN_SUSPICIOUS_MOVE = YES;
				CLANG_WARN_UNGUARDED_AVAILABILITY = YES_AGGRESSIVE;
				CLANG_WARN_UNREACHABLE_CODE = YES;
				CLANG_WARN__DUPLICATE_METHOD_MATCH = YES;
				COPY_PHASE_STRIP = NO;
				DEBUG_INFORMATION_FORMAT = dwarf;
				ENABLE_STRICT_OBJC_MSGSEND = YES;
				ENABLE_TESTABILITY = YES;
				GCC_C_LANGUAGE_STANDARD = gnu11;
				GCC_DYNAMIC_NO_PIC = NO;
				GCC_NO_COMMON_BLOCKS = YES;
				GCC_OPTIMIZATION_LEVEL = 0;
				GCC_PREPROCESSOR_DEFINITIONS = (
					"DEBUG=1",
					"$(inherited)",
				);
				GCC_WARN_64_TO_32_BIT_CONVERSION = YES;
				GCC_WARN_ABOUT_RETURN_TYPE = YES_ERROR;
				GCC_WARN_UNDECLARED_SELECTOR = YES;
				GCC_WARN_UNINITIALIZED_AUTOS = YES_AGGRESSIVE;
				GCC_WARN_UNUSED_FUNCTION = YES;
				GCC_WARN_UNUSED_VARIABLE = YES;
				IPHONEOS_DEPLOYMENT_TARGET = 13.5;
				MTL_ENABLE_DEBUG_INFO = INCLUDE_SOURCE;
				MTL_FAST_MATH = YES;
				ONLY_ACTIVE_ARCH = YES;
				SDKROOT = iphoneos;
			};
			name = Debug;
		};
		C270D20125316F9700C9CF61 /* Release */ = {
			isa = XCBuildConfiguration;
			buildSettings = {
				ALWAYS_SEARCH_USER_PATHS = NO;
				CLANG_ANALYZER_NONNULL = YES;
				CLANG_ANALYZER_NUMBER_OBJECT_CONVERSION = YES_AGGRESSIVE;
				CLANG_CXX_LANGUAGE_STANDARD = "gnu++14";
				CLANG_CXX_LIBRARY = "libc++";
				CLANG_ENABLE_MODULES = YES;
				CLANG_ENABLE_OBJC_ARC = YES;
				CLANG_ENABLE_OBJC_WEAK = YES;
				CLANG_WARN_BLOCK_CAPTURE_AUTORELEASING = YES;
				CLANG_WARN_BOOL_CONVERSION = YES;
				CLANG_WARN_COMMA = YES;
				CLANG_WARN_CONSTANT_CONVERSION = YES;
				CLANG_WARN_DEPRECATED_OBJC_IMPLEMENTATIONS = YES;
				CLANG_WARN_DIRECT_OBJC_ISA_USAGE = YES_ERROR;
				CLANG_WARN_DOCUMENTATION_COMMENTS = YES;
				CLANG_WARN_EMPTY_BODY = YES;
				CLANG_WARN_ENUM_CONVERSION = YES;
				CLANG_WARN_INFINITE_RECURSION = YES;
				CLANG_WARN_INT_CONVERSION = YES;
				CLANG_WARN_NON_LITERAL_NULL_CONVERSION = YES;
				CLANG_WARN_OBJC_IMPLICIT_RETAIN_SELF = YES;
				CLANG_WARN_OBJC_LITERAL_CONVERSION = YES;
				CLANG_WARN_OBJC_ROOT_CLASS = YES_ERROR;
				CLANG_WARN_QUOTED_INCLUDE_IN_FRAMEWORK_HEADER = YES;
				CLANG_WARN_RANGE_LOOP_ANALYSIS = YES;
				CLANG_WARN_STRICT_PROTOTYPES = YES;
				CLANG_WARN_SUSPICIOUS_MOVE = YES;
				CLANG_WARN_UNGUARDED_AVAILABILITY = YES_AGGRESSIVE;
				CLANG_WARN_UNREACHABLE_CODE = YES;
				CLANG_WARN__DUPLICATE_METHOD_MATCH = YES;
				COPY_PHASE_STRIP = NO;
				DEBUG_INFORMATION_FORMAT = "dwarf-with-dsym";
				ENABLE_NS_ASSERTIONS = NO;
				ENABLE_STRICT_OBJC_MSGSEND = YES;
				GCC_C_LANGUAGE_STANDARD = gnu11;
				GCC_NO_COMMON_BLOCKS = YES;
				GCC_WARN_64_TO_32_BIT_CONVERSION = YES;
				GCC_WARN_ABOUT_RETURN_TYPE = YES_ERROR;
				GCC_WARN_UNDECLARED_SELECTOR = YES;
				GCC_WARN_UNINITIALIZED_AUTOS = YES_AGGRESSIVE;
				GCC_WARN_UNUSED_FUNCTION = YES;
				GCC_WARN_UNUSED_VARIABLE = YES;
				IPHONEOS_DEPLOYMENT_TARGET = 13.5;
				MTL_ENABLE_DEBUG_INFO = NO;
				MTL_FAST_MATH = YES;
				SDKROOT = iphoneos;
				VALIDATE_PRODUCT = YES;
			};
			name = Release;
		};
		C270D20325316F9700C9CF61 /* Debug */ = {
			isa = XCBuildConfiguration;
			buildSettings = {
				ASSETCATALOG_COMPILER_APPICON_NAME = AppIcon;
				ASSETCATALOG_COMPILER_GLOBAL_ACCENT_COLOR_NAME = AccentColor;
				CODE_SIGN_STYLE = Automatic;
				DEVELOPMENT_TEAM = 2Y2353RSW5;
				INFOPLIST_FILE = Nogrammers/Info.plist;
				LD_RUNPATH_SEARCH_PATHS = (
					"$(inherited)",
					"@executable_path/Frameworks",
				);
				PRODUCT_BUNDLE_IDENTIFIER = com.test.Nogrammers;
				PRODUCT_NAME = "$(TARGET_NAME)";
				TARGETED_DEVICE_FAMILY = "1,2";
			};
			name = Debug;
		};
		C270D20425316F9700C9CF61 /* Release */ = {
			isa = XCBuildConfiguration;
			buildSettings = {
				ASSETCATALOG_COMPILER_APPICON_NAME = AppIcon;
				ASSETCATALOG_COMPILER_GLOBAL_ACCENT_COLOR_NAME = AccentColor;
				CODE_SIGN_STYLE = Automatic;
				DEVELOPMENT_TEAM = 2Y2353RSW5;
				INFOPLIST_FILE = Nogrammers/Info.plist;
				LD_RUNPATH_SEARCH_PATHS = (
					"$(inherited)",
					"@executable_path/Frameworks",
				);
				PRODUCT_BUNDLE_IDENTIFIER = com.test.Nogrammers;
				PRODUCT_NAME = "$(TARGET_NAME)";
				TARGETED_DEVICE_FAMILY = "1,2";
			};
			name = Release;
		};
/* End XCBuildConfiguration section */

/* Begin XCConfigurationList section */
		C270D1E425316F9400C9CF61 /* Build configuration list for PBXProject "Nogrammers" */ = {
			isa = XCConfigurationList;
			buildConfigurations = (
				C270D20025316F9700C9CF61 /* Debug */,
				C270D20125316F9700C9CF61 /* Release */,
			);
			defaultConfigurationIsVisible = 0;
			defaultConfigurationName = Release;
		};
		C270D20225316F9700C9CF61 /* Build configuration list for PBXNativeTarget "Nogrammers" */ = {
			isa = XCConfigurationList;
			buildConfigurations = (
				C270D20325316F9700C9CF61 /* Debug */,
				C270D20425316F9700C9CF61 /* Release */,
			);
			defaultConfigurationIsVisible = 0;
			defaultConfigurationName = Release;
		};
/* End XCConfigurationList section */
	};
	rootObject = C270D1E125316F9400C9CF61 /* Project object */;
}
